
Microsoft Visual Studio Solution File, Format Version 12.00
# Visual Studio 14
VisualStudioVersion = 14.0.25420.1
MinimumVisualStudioVersion = 10.0.40219.1
Project("{FAE04EC0-301F-11D3-BF4B-00C04F79EFBC}") = "Service", "Service\Service.csproj", "{EF282D00-2A7C-45E0-A2A4-434922A3CCBE}"
EndProject
Project("{FAE04EC0-301F-11D3-BF4B-00C04F79EFBC}") = "Client", "Client\Client.csproj", "{DCDEDC90-5F7F-4213-94CB-DEBC0A7F2927}"
EndProject
Global
	GlobalSection(SolutionConfigurationPlatforms) = preSolution
		Debug|Any CPU = Debug|Any CPU
		Release|Any CPU = Release|Any CPU
	EndGlobalSection
	GlobalSection(ProjectConfigurationPlatforms) = postSolution
		{EF282D00-2A7C-45E0-A2A4-434922A3CCBE}.Debug|Any CPU.ActiveCfg = Debug|Any CPU
		{EF282D00-2A7C-45E0-A2A4-434922A3CCBE}.Debug|Any CPU.Build.0 = Debug|Any CPU
		{EF282D00-2A7C-45E0-A2A4-434922A3CCBE}.Release|Any CPU.ActiveCfg = Release|Any CPU
		{EF282D00-2A7C-45E0-A2A4-434922A3CCBE}.Release|Any CPU.Build.0 = Release|Any CPU
		{DCDEDC90-5F7F-4213-94CB-DEBC0A7F2927}.Debug|Any CPU.ActiveCfg = Debug|Any CPU
		{DCDEDC90-5F7F-4213-94CB-DEBC0A7F2927}.Debug|Any CPU.Build.0 = Debug|Any CPU
		{DCDEDC90-5F7F-4213-94CB-DEBC0A7F2927}.Release|Any CPU.ActiveCfg = Release|Any CPU
		{DCDEDC90-5F7F-4213-94CB-DEBC0A7F2927}.Release|Any CPU.Build.0 = Release|Any CPU
	EndGlobalSection
	GlobalSection(SolutionProperties) = preSolution
		HideSolutionNode = FALSE
	EndGlobalSection
EndGlobal
