
Microsoft Visual Studio Solution File, Format Version 12.00
# Visual Studio 14
VisualStudioVersion = 14.0.25420.1
MinimumVisualStudioVersion = 10.0.40219.1
Project("{FAE04EC0-301F-11D3-BF4B-00C04F79EFBC}") = "Service", "Service\Service.csproj", "{2CEBDE6C-BBB0-454F-B822-B3FB81FCCA4A}"
EndProject
Project("{FAE04EC0-301F-11D3-BF4B-00C04F79EFBC}") = "Client", "Client\Client.csproj", "{D98FEB08-8600-476A-A401-F226C69629B5}"
EndProject
Global
	GlobalSection(SolutionConfigurationPlatforms) = preSolution
		Debug|Any CPU = Debug|Any CPU
		Release|Any CPU = Release|Any CPU
	EndGlobalSection
	GlobalSection(ProjectConfigurationPlatforms) = postSolution
		{2CEBDE6C-BBB0-454F-B822-B3FB81FCCA4A}.Debug|Any CPU.ActiveCfg = Debug|Any CPU
		{2CEBDE6C-BBB0-454F-B822-B3FB81FCCA4A}.Debug|Any CPU.Build.0 = Debug|Any CPU
		{2CEBDE6C-BBB0-454F-B822-B3FB81FCCA4A}.Release|Any CPU.ActiveCfg = Release|Any CPU
		{2CEBDE6C-BBB0-454F-B822-B3FB81FCCA4A}.Release|Any CPU.Build.0 = Release|Any CPU
		{D98FEB08-8600-476A-A401-F226C69629B5}.Debug|Any CPU.ActiveCfg = Debug|Any CPU
		{D98FEB08-8600-476A-A401-F226C69629B5}.Debug|Any CPU.Build.0 = Debug|Any CPU
		{D98FEB08-8600-476A-A401-F226C69629B5}.Release|Any CPU.ActiveCfg = Release|Any CPU
		{D98FEB08-8600-476A-A401-F226C69629B5}.Release|Any CPU.Build.0 = Release|Any CPU
	EndGlobalSection
	GlobalSection(SolutionProperties) = preSolution
		HideSolutionNode = FALSE
	EndGlobalSection
EndGlobal
