
Microsoft Visual Studio Solution File, Format Version 12.00
# Visual Studio 14
VisualStudioVersion = 14.0.25420.1
MinimumVisualStudioVersion = 10.0.40219.1
Project("{FAE04EC0-301F-11D3-BF4B-00C04F79EFBC}") = "Service", "Service\Service.csproj", "{969AD174-FE35-40AA-87ED-41186B7909F1}"
EndProject
Project("{FAE04EC0-301F-11D3-BF4B-00C04F79EFBC}") = "Client", "Client\Client.csproj", "{C5721AF5-A1A1-4D99-A6F8-0C87B2CF91D0}"
EndProject
Global
	GlobalSection(SolutionConfigurationPlatforms) = preSolution
		Debug|Any CPU = Debug|Any CPU
		Release|Any CPU = Release|Any CPU
	EndGlobalSection
	GlobalSection(ProjectConfigurationPlatforms) = postSolution
		{969AD174-FE35-40AA-87ED-41186B7909F1}.Debug|Any CPU.ActiveCfg = Debug|Any CPU
		{969AD174-FE35-40AA-87ED-41186B7909F1}.Debug|Any CPU.Build.0 = Debug|Any CPU
		{969AD174-FE35-40AA-87ED-41186B7909F1}.Release|Any CPU.ActiveCfg = Release|Any CPU
		{969AD174-FE35-40AA-87ED-41186B7909F1}.Release|Any CPU.Build.0 = Release|Any CPU
		{C5721AF5-A1A1-4D99-A6F8-0C87B2CF91D0}.Debug|Any CPU.ActiveCfg = Debug|Any CPU
		{C5721AF5-A1A1-4D99-A6F8-0C87B2CF91D0}.Debug|Any CPU.Build.0 = Debug|Any CPU
		{C5721AF5-A1A1-4D99-A6F8-0C87B2CF91D0}.Release|Any CPU.ActiveCfg = Release|Any CPU
		{C5721AF5-A1A1-4D99-A6F8-0C87B2CF91D0}.Release|Any CPU.Build.0 = Release|Any CPU
	EndGlobalSection
	GlobalSection(SolutionProperties) = preSolution
		HideSolutionNode = FALSE
	EndGlobalSection
EndGlobal
