
Microsoft Visual Studio Solution File, Format Version 12.00
# Visual Studio 14
VisualStudioVersion = 14.0.25420.1
MinimumVisualStudioVersion = 10.0.40219.1
Project("{FAE04EC0-301F-11D3-BF4B-00C04F79EFBC}") = "Service", "Service\Service.csproj", "{A5C39B72-CB5A-40E9-BE70-703602151A7A}"
EndProject
Project("{FAE04EC0-301F-11D3-BF4B-00C04F79EFBC}") = "Client", "Client\Client.csproj", "{23578B4D-30E6-4354-B5CD-6942BE0C5E0E}"
EndProject
Global
	GlobalSection(SolutionConfigurationPlatforms) = preSolution
		Debug|Any CPU = Debug|Any CPU
		Release|Any CPU = Release|Any CPU
	EndGlobalSection
	GlobalSection(ProjectConfigurationPlatforms) = postSolution
		{A5C39B72-CB5A-40E9-BE70-703602151A7A}.Debug|Any CPU.ActiveCfg = Debug|Any CPU
		{A5C39B72-CB5A-40E9-BE70-703602151A7A}.Debug|Any CPU.Build.0 = Debug|Any CPU
		{A5C39B72-CB5A-40E9-BE70-703602151A7A}.Release|Any CPU.ActiveCfg = Release|Any CPU
		{A5C39B72-CB5A-40E9-BE70-703602151A7A}.Release|Any CPU.Build.0 = Release|Any CPU
		{23578B4D-30E6-4354-B5CD-6942BE0C5E0E}.Debug|Any CPU.ActiveCfg = Debug|Any CPU
		{23578B4D-30E6-4354-B5CD-6942BE0C5E0E}.Debug|Any CPU.Build.0 = Debug|Any CPU
		{23578B4D-30E6-4354-B5CD-6942BE0C5E0E}.Release|Any CPU.ActiveCfg = Release|Any CPU
		{23578B4D-30E6-4354-B5CD-6942BE0C5E0E}.Release|Any CPU.Build.0 = Release|Any CPU
	EndGlobalSection
	GlobalSection(SolutionProperties) = preSolution
		HideSolutionNode = FALSE
	EndGlobalSection
EndGlobal
